
Microsoft Visual Studio Solution File, Format Version 12.00
# Visual Studio Version 17
VisualStudioVersion = 17.3.32901.215
MinimumVisualStudioVersion = 10.0.40219.1
Project("{9A19103F-16F7-4668-BE54-9A1E7A4F7556}") = "GymProject", "GymProject.csproj", "{D2FE3825-1780-40D6-9865-64C681DB733C}"
EndProject
Project("{9A19103F-16F7-4668-BE54-9A1E7A4F7556}") = "BL", "..\BL\BL.csproj", "{8F6AC1EB-44AE-4415-896E-D7D50F1C242A}"
EndProject
Project("{9A19103F-16F7-4668-BE54-9A1E7A4F7556}") = "DAL", "..\DAL\DAL.csproj", "{2BFC7B4A-6424-4E65-805C-734CC1C081F6}"
EndProject
Project("{9A19103F-16F7-4668-BE54-9A1E7A4F7556}") = "MODELS", "..\MODELS\MODELS.csproj", "{9F836D3A-F0FE-4FCC-8CB8-889E72216335}"
EndProject
Global
	GlobalSection(SolutionConfigurationPlatforms) = preSolution
		Debug|Any CPU = Debug|Any CPU
		Release|Any CPU = Release|Any CPU
	EndGlobalSection
	GlobalSection(ProjectConfigurationPlatforms) = postSolution
		{D2FE3825-1780-40D6-9865-64C681DB733C}.Debug|Any CPU.ActiveCfg = Debug|Any CPU
		{D2FE3825-1780-40D6-9865-64C681DB733C}.Debug|Any CPU.Build.0 = Debug|Any CPU
		{D2FE3825-1780-40D6-9865-64C681DB733C}.Release|Any CPU.ActiveCfg = Release|Any CPU
		{D2FE3825-1780-40D6-9865-64C681DB733C}.Release|Any CPU.Build.0 = Release|Any CPU
		{8F6AC1EB-44AE-4415-896E-D7D50F1C242A}.Debug|Any CPU.ActiveCfg = Debug|Any CPU
		{8F6AC1EB-44AE-4415-896E-D7D50F1C242A}.Debug|Any CPU.Build.0 = Debug|Any CPU
		{8F6AC1EB-44AE-4415-896E-D7D50F1C242A}.Release|Any CPU.ActiveCfg = Release|Any CPU
		{8F6AC1EB-44AE-4415-896E-D7D50F1C242A}.Release|Any CPU.Build.0 = Release|Any CPU
		{2BFC7B4A-6424-4E65-805C-734CC1C081F6}.Debug|Any CPU.ActiveCfg = Debug|Any CPU
		{2BFC7B4A-6424-4E65-805C-734CC1C081F6}.Debug|Any CPU.Build.0 = Debug|Any CPU
		{2BFC7B4A-6424-4E65-805C-734CC1C081F6}.Release|Any CPU.ActiveCfg = Release|Any CPU
		{2BFC7B4A-6424-4E65-805C-734CC1C081F6}.Release|Any CPU.Build.0 = Release|Any CPU
		{9F836D3A-F0FE-4FCC-8CB8-889E72216335}.Debug|Any CPU.ActiveCfg = Debug|Any CPU
		{9F836D3A-F0FE-4FCC-8CB8-889E72216335}.Debug|Any CPU.Build.0 = Debug|Any CPU
		{9F836D3A-F0FE-4FCC-8CB8-889E72216335}.Release|Any CPU.ActiveCfg = Release|Any CPU
		{9F836D3A-F0FE-4FCC-8CB8-889E72216335}.Release|Any CPU.Build.0 = Release|Any CPU
	EndGlobalSection
	GlobalSection(SolutionProperties) = preSolution
		HideSolutionNode = FALSE
	EndGlobalSection
	GlobalSection(ExtensibilityGlobals) = postSolution
		SolutionGuid = {792BAABE-BDE8-4BE8-8074-F01BB6311851}
	EndGlobalSection
EndGlobal
